
Microsoft Visual Studio Solution File, Format Version 12.00
# Visual Studio 15
VisualStudioVersion = 15.0.28307.168
MinimumVisualStudioVersion = 10.0.40219.1
Project("{9A19103F-16F7-4668-BE54-9A1E7A4F7556}") = "MLTAscend.Domain", "MLTAscend.Domain\MLTAscend.Domain.csproj", "{5FFD4BC6-614E-47DF-8FAB-65DD5BC08B56}"
EndProject
Project("{9A19103F-16F7-4668-BE54-9A1E7A4F7556}") = "MLTAscend.Data", "MLTAscend.Data\MLTAscend.Data.csproj", "{D72E0369-C56D-48BE-A3F2-5A0F6B2EFB50}"
EndProject
Project("{9A19103F-16F7-4668-BE54-9A1E7A4F7556}") = "MLTAscend.Migration", "MLTAscend.Migration\MLTAscend.Migration.csproj", "{C7FB1D47-AD1A-436A-8349-5C27193C6F47}"
EndProject
Project("{9A19103F-16F7-4668-BE54-9A1E7A4F7556}") = "MLTAscend.MVC", "MLTAscend.MVC\MLTAscend.MVC.csproj", "{420F7C7B-B4FD-4452-8589-0C72A0F59715}"
EndProject
Project("{9A19103F-16F7-4668-BE54-9A1E7A4F7556}") = "MLTAscend.Tests", "MLTAscend.Tests\MLTAscend.Tests.csproj", "{98189357-171A-471B-8994-6F7BE74530B4}"
EndProject
Project("{9A19103F-16F7-4668-BE54-9A1E7A4F7556}") = "MLTAscend.Trainer", "MLTAscend.Trainer\MLTAscend.Trainer.csproj", "{9DF48A3A-4DFC-473A-833A-ACA8F0750E61}"
EndProject
Project("{9A19103F-16F7-4668-BE54-9A1E7A4F7556}") = "MLTAscend.MVCTests", "MLTAscend.MVCTests\MLTAscend.MVCTests.csproj", "{8CF6B7D0-2233-4FDC-B914-BC862082FC4C}"
EndProject
Global
	GlobalSection(SolutionConfigurationPlatforms) = preSolution
		Debug|Any CPU = Debug|Any CPU
		Release|Any CPU = Release|Any CPU
	EndGlobalSection
	GlobalSection(ProjectConfigurationPlatforms) = postSolution
		{5FFD4BC6-614E-47DF-8FAB-65DD5BC08B56}.Debug|Any CPU.ActiveCfg = Debug|Any CPU
		{5FFD4BC6-614E-47DF-8FAB-65DD5BC08B56}.Debug|Any CPU.Build.0 = Debug|Any CPU
		{5FFD4BC6-614E-47DF-8FAB-65DD5BC08B56}.Release|Any CPU.ActiveCfg = Release|Any CPU
		{5FFD4BC6-614E-47DF-8FAB-65DD5BC08B56}.Release|Any CPU.Build.0 = Release|Any CPU
		{D72E0369-C56D-48BE-A3F2-5A0F6B2EFB50}.Debug|Any CPU.ActiveCfg = Debug|Any CPU
		{D72E0369-C56D-48BE-A3F2-5A0F6B2EFB50}.Debug|Any CPU.Build.0 = Debug|Any CPU
		{D72E0369-C56D-48BE-A3F2-5A0F6B2EFB50}.Release|Any CPU.ActiveCfg = Release|Any CPU
		{D72E0369-C56D-48BE-A3F2-5A0F6B2EFB50}.Release|Any CPU.Build.0 = Release|Any CPU
		{C7FB1D47-AD1A-436A-8349-5C27193C6F47}.Debug|Any CPU.ActiveCfg = Debug|Any CPU
		{C7FB1D47-AD1A-436A-8349-5C27193C6F47}.Debug|Any CPU.Build.0 = Debug|Any CPU
		{C7FB1D47-AD1A-436A-8349-5C27193C6F47}.Release|Any CPU.ActiveCfg = Release|Any CPU
		{C7FB1D47-AD1A-436A-8349-5C27193C6F47}.Release|Any CPU.Build.0 = Release|Any CPU
		{420F7C7B-B4FD-4452-8589-0C72A0F59715}.Debug|Any CPU.ActiveCfg = Debug|Any CPU
		{420F7C7B-B4FD-4452-8589-0C72A0F59715}.Debug|Any CPU.Build.0 = Debug|Any CPU
		{420F7C7B-B4FD-4452-8589-0C72A0F59715}.Release|Any CPU.ActiveCfg = Release|Any CPU
		{420F7C7B-B4FD-4452-8589-0C72A0F59715}.Release|Any CPU.Build.0 = Release|Any CPU
		{98189357-171A-471B-8994-6F7BE74530B4}.Debug|Any CPU.ActiveCfg = Debug|Any CPU
		{98189357-171A-471B-8994-6F7BE74530B4}.Debug|Any CPU.Build.0 = Debug|Any CPU
		{98189357-171A-471B-8994-6F7BE74530B4}.Release|Any CPU.ActiveCfg = Release|Any CPU
		{98189357-171A-471B-8994-6F7BE74530B4}.Release|Any CPU.Build.0 = Release|Any CPU
		{9DF48A3A-4DFC-473A-833A-ACA8F0750E61}.Debug|Any CPU.ActiveCfg = Debug|Any CPU
		{9DF48A3A-4DFC-473A-833A-ACA8F0750E61}.Debug|Any CPU.Build.0 = Debug|Any CPU
		{9DF48A3A-4DFC-473A-833A-ACA8F0750E61}.Release|Any CPU.ActiveCfg = Release|Any CPU
		{9DF48A3A-4DFC-473A-833A-ACA8F0750E61}.Release|Any CPU.Build.0 = Release|Any CPU
		{8CF6B7D0-2233-4FDC-B914-BC862082FC4C}.Debug|Any CPU.ActiveCfg = Debug|Any CPU
		{8CF6B7D0-2233-4FDC-B914-BC862082FC4C}.Debug|Any CPU.Build.0 = Debug|Any CPU
		{8CF6B7D0-2233-4FDC-B914-BC862082FC4C}.Release|Any CPU.ActiveCfg = Release|Any CPU
		{8CF6B7D0-2233-4FDC-B914-BC862082FC4C}.Release|Any CPU.Build.0 = Release|Any CPU
	EndGlobalSection
	GlobalSection(SolutionProperties) = preSolution
		HideSolutionNode = FALSE
	EndGlobalSection
	GlobalSection(ExtensibilityGlobals) = postSolution
		SolutionGuid = {903575FF-7108-4689-8B13-51512C66E84B}
	EndGlobalSection
EndGlobal
